
Microsoft Visual Studio Solution File, Format Version 12.00
# Visual Studio Version 16
VisualStudioVersion = 25.0.1704.2
MinimumVisualStudioVersion = 10.0.40219.1
Project("{FAE04EC0-301F-11D3-BF4B-00C04F79EFBC}") = "HWK1A", "HWK1A\HWK1A.csproj", "{2FA24EF3-DA5C-421F-A03B-D9DBA06516A4}"
EndProject
Global
	GlobalSection(SolutionConfigurationPlatforms) = preSolution
		Debug|Any CPU = Debug|Any CPU
		Release|Any CPU = Release|Any CPU
	EndGlobalSection
	GlobalSection(ProjectConfigurationPlatforms) = postSolution
		{2FA24EF3-DA5C-421F-A03B-D9DBA06516A4}.Debug|Any CPU.ActiveCfg = Debug|Any CPU
		{2FA24EF3-DA5C-421F-A03B-D9DBA06516A4}.Debug|Any CPU.Build.0 = Debug|Any CPU
		{2FA24EF3-DA5C-421F-A03B-D9DBA06516A4}.Release|Any CPU.ActiveCfg = Release|Any CPU
		{2FA24EF3-DA5C-421F-A03B-D9DBA06516A4}.Release|Any CPU.Build.0 = Release|Any CPU
	EndGlobalSection
	GlobalSection(SolutionProperties) = preSolution
		HideSolutionNode = FALSE
	EndGlobalSection
	GlobalSection(ExtensibilityGlobals) = postSolution
		SolutionGuid = {0E824C93-DDD9-473E-9919-8EF8E5379495}
	EndGlobalSection
EndGlobal
